
Microsoft Visual Studio Solution File, Format Version 12.00
# Visual Studio Version 17
VisualStudioVersion = 17.7.34024.191
MinimumVisualStudioVersion = 10.0.40219.1
Project("{FAE04EC0-301F-11D3-BF4B-00C04F79EFBC}") = "JuegoAhorcado", "JuegoAhorcado\JuegoAhorcado.csproj", "{3E28B3A1-2649-4377-A787-651465EF57FD}"
EndProject
Global
	GlobalSection(SolutionConfigurationPlatforms) = preSolution
		Debug|Any CPU = Debug|Any CPU
		Release|Any CPU = Release|Any CPU
	EndGlobalSection
	GlobalSection(ProjectConfigurationPlatforms) = postSolution
		{3E28B3A1-2649-4377-A787-651465EF57FD}.Debug|Any CPU.ActiveCfg = Debug|Any CPU
		{3E28B3A1-2649-4377-A787-651465EF57FD}.Debug|Any CPU.Build.0 = Debug|Any CPU
		{3E28B3A1-2649-4377-A787-651465EF57FD}.Release|Any CPU.ActiveCfg = Release|Any CPU
		{3E28B3A1-2649-4377-A787-651465EF57FD}.Release|Any CPU.Build.0 = Release|Any CPU
	EndGlobalSection
	GlobalSection(SolutionProperties) = preSolution
		HideSolutionNode = FALSE
	EndGlobalSection
	GlobalSection(ExtensibilityGlobals) = postSolution
		SolutionGuid = {5ED812D4-6CB5-45E0-B9B9-25A537D8C0F2}
	EndGlobalSection
EndGlobal
